{
  "name": "SmartStartup",
  "version": "0.1.0",
  "lockfileVersion": 1,
  "requires": true,
  "dependencies": {
    "react-native-message-bar": {
      "version": "2.0.10",
      "resolved": "https://registry.npmjs.org/react-native-message-bar/-/react-native-message-bar-2.0.10.tgz",
      "integrity": "sha512-Mt30SUUpmQ839Az967ysVF93nls8KdzA0ScRyB/yChLFrQm9yrzHTDrVg9S+wzV08E7jkepoXOOstzJjfmdJzQ=="
    }
  }
}
